// !$*UTF8*$!
{
	archiveVersion = 1;
	classes = {
	};
	objectVersion = 50;
	objects = {

/* Begin PBXBuildFile section */
		EE59E1E826F1DE10006DA63D /* udemy_clone_twitterApp.swift in Sources */ = {isa = PBXBuildFile; fileRef = EE59E1E726F1DE10006DA63D /* udemy_clone_twitterApp.swift */; };
		EE59E1EA26F1DE10006DA63D /* ContentView.swift in Sources */ = {isa = PBXBuildFile; fileRef = EE59E1E926F1DE10006DA63D /* ContentView.swift */; };
		EE59E1EC26F1DE12006DA63D /* Assets.xcassets in Resources */ = {isa = PBXBuildFile; fileRef = EE59E1EB26F1DE12006DA63D /* Assets.xcassets */; };
		EE59E1EF26F1DE12006DA63D /* Preview Assets.xcassets in Resources */ = {isa = PBXBuildFile; fileRef = EE59E1EE26F1DE12006DA63D /* Preview Assets.xcassets */; };
/* End PBXBuildFile section */

/* Begin PBXFileReference section */
		EE59E1E426F1DE10006DA63D /* udemy-clone-twitter.app */ = {isa = PBXFileReference; explicitFileType = wrapper.application; includeInIndex = 0; path = "udemy-clone-twitter.app"; sourceTree = BUILT_PRODUCTS_DIR; };
		EE59E1E726F1DE10006DA63D /* udemy_clone_twitterApp.swift */ = {isa = PBXFileReference; lastKnownFileType = sourcecode.swift; path = udemy_clone_twitterApp.swift; sourceTree = "<group>"; };
		EE59E1E926F1DE10006DA63D /* ContentView.swift */ = {isa = PBXFileReference; lastKnownFileType = sourcecode.swift; path = ContentView.swift; sourceTree = "<group>"; };
		EE59E1EB26F1DE12006DA63D /* Assets.xcassets */ = {isa = PBXFileReference; lastKnownFileType = folder.assetcatalog; path = Assets.xcassets; sourceTree = "<group>"; };
		EE59E1EE26F1DE12006DA63D /* Preview Assets.xcassets */ = {isa = PBXFileReference; lastKnownFileType = folder.assetcatalog; path = "Preview Assets.xcassets"; sourceTree = "<group>"; };
		EE59E1F026F1DE12006DA63D /* Info.plist */ = {isa = PBXFileReference; lastKnownFileType = text.plist.xml; path = Info.plist; sourceTree = "<group>"; };
/* End PBXFileReference section */

/* Begin PBXFrameworksBuildPhase section */
		EE59E1E126F1DE10006DA63D /* Frameworks */ = {
			isa = PBXFrameworksBuildPhase;
			buildActionMask = 2147483647;
			files = (
			);
			runOnlyForDeploymentPostprocessing = 0;
		};
/* End PBXFrameworksBuildPhase section */

/* Begin PBXGroup section */
		EE59E1DB26F1DE10006DA63D = {
			isa = PBXGroup;
			children = (
				EE59E1E626F1DE10006DA63D /* udemy-clone-twitter */,
				EE59E1E526F1DE10006DA63D /* Products */,
			);
			sourceTree = "<group>";
		};
		EE59E1E526F1DE10006DA63D /* Products */ = {
			isa = PBXGroup;
			children = (
				EE59E1E426F1DE10006DA63D /* udemy-clone-twitter.app */,
			);
			name = Products;
			sourceTree = "<group>";
		};
		EE59E1E626F1DE10006DA63D /* udemy-clone-twitter */ = {
			isa = PBXGroup;
			children = (
				EE59E1E726F1DE10006DA63D /* udemy_clone_twitterApp.swift */,
				EE59E1E926F1DE10006DA63D /* ContentView.swift */,
				EE59E1EB26F1DE12006DA63D /* Assets.xcassets */,
				EE59E1F026F1DE12006DA63D /* Info.plist */,
				EE59E1ED26F1DE12006DA63D /* Preview Content */,
			);
			path = "udemy-clone-twitter";
			sourceTree = "<group>";
		};
		EE59E1ED26F1DE12006DA63D /* Preview Content */ = {
			isa = PBXGroup;
			children = (
				EE59E1EE26F1DE12006DA63D /* Preview Assets.xcassets */,
			);
			path = "Preview Content";
			sourceTree = "<group>";
		};
/* End PBXGroup section */

/* Begin PBXNativeTarget section */
		EE59E1E326F1DE10006DA63D /* udemy-clone-twitter */ = {
			isa = PBXNativeTarget;
			buildConfigurationList = EE59E1F326F1DE12006DA63D /* Build configuration list for PBXNativeTarget "udemy-clone-twitter" */;
			buildPhases = (
				EE59E1E026F1DE10006DA63D /* Sources */,
				EE59E1E126F1DE10006DA63D /* Frameworks */,
				EE59E1E226F1DE10006DA63D /* Resources */,
			);
			buildRules = (
			);
			dependencies = (
			);
			name = "udemy-clone-twitter";
			productName = "udemy-clone-twitter";
			productReference = EE59E1E426F1DE10006DA63D /* udemy-clone-twitter.app */;
			productType = "com.apple.product-type.application";
		};
/* End PBXNativeTarget section */

/* Begin PBXProject section */
		EE59E1DC26F1DE10006DA63D /* Project object */ = {
			isa = PBXProject;
			attributes = {
				LastSwiftUpdateCheck = 1250;
				LastUpgradeCheck = 1250;
				TargetAttributes = {
					EE59E1E326F1DE10006DA63D = {
						CreatedOnToolsVersion = 12.5.1;
					};
				};
			};
			buildConfigurationList = EE59E1DF26F1DE10006DA63D /* Build configuration list for PBXProject "udemy-clone-twitter" */;
			compatibilityVersion = "Xcode 9.3";
			developmentRegion = en;
			hasScannedForEncodings = 0;
			knownRegions = (
				en,
				Base,
			);
			mainGroup = EE59E1DB26F1DE10006DA63D;
			productRefGroup = EE59E1E526F1DE10006DA63D /* Products */;
			projectDirPath = "";
			projectRoot = "";
			targets = (
				EE59E1E326F1DE10006DA63D /* udemy-clone-twitter */,
			);
		};
/* End PBXProject section */

/* Begin PBXResourcesBuildPhase section */
		EE59E1E226F1DE10006DA63D /* Resources */ = {
			isa = PBXResourcesBuildPhase;
			buildActionMask = 2147483647;
			files = (
				EE59E1EF26F1DE12006DA63D /* Preview Assets.xcassets in Resources */,
				EE59E1EC26F1DE12006DA63D /* Assets.xcassets in Resources */,
			);
			runOnlyForDeploymentPostprocessing = 0;
		};
/* End PBXResourcesBuildPhase section */

/* Begin PBXSourcesBuildPhase section */
		EE59E1E026F1DE10006DA63D /* Sources */ = {
			isa = PBXSourcesBuildPhase;
			buildActionMask = 2147483647;
			files = (
				EE59E1EA26F1DE10006DA63D /* ContentView.swift in Sources */,
				EE59E1E826F1DE10006DA63D /* udemy_clone_twitterApp.swift in Sources */,
			);
			runOnlyForDeploymentPostprocessing = 0;
		};
/* End PBXSourcesBuildPhase section */

/* Begin XCBuildConfiguration section */
		EE59E1F126F1DE12006DA63D /* Debug */ = {
			isa = XCBuildConfiguration;
			buildSettings = {
				ALWAYS_SEARCH_USER_PATHS = NO;
				CLANG_ANALYZER_NONNULL = YES;
				CLANG_ANALYZER_NUMBER_OBJECT_CONVERSION = YES_AGGRESSIVE;
				CLANG_CXX_LANGUAGE_STANDARD = "gnu++14";
				CLANG_CXX_LIBRARY = "libc++";
				CLANG_ENABLE_MODULES = YES;
				CLANG_ENABLE_OBJC_ARC = YES;
				CLANG_ENABLE_OBJC_WEAK = YES;
				CLANG_WARN_BLOCK_CAPTURE_AUTORELEASING = YES;
				CLANG_WARN_BOOL_CONVERSION = YES;
				CLANG_WARN_COMMA = YES;
				CLANG_WARN_CONSTANT_CONVERSION = YES;
				CLANG_WARN_DEPRECATED_OBJC_IMPLEMENTATIONS = YES;
				CLANG_WARN_DIRECT_OBJC_ISA_USAGE = YES_ERROR;
				CLANG_WARN_DOCUMENTATION_COMMENTS = YES;
				CLANG_WARN_EMPTY_BODY = YES;
				CLANG_WARN_ENUM_CONVERSION = YES;
				CLANG_WARN_INFINITE_RECURSION = YES;
				CLANG_WARN_INT_CONVERSION = YES;
				CLANG_WARN_NON_LITERAL_NULL_CONVERSION = YES;
				CLANG_WARN_OBJC_IMPLICIT_RETAIN_SELF = YES;
				CLANG_WARN_OBJC_LITERAL_CONVERSION = YES;
				CLANG_WARN_OBJC_ROOT_CLASS = YES_ERROR;
				CLANG_WARN_QUOTED_INCLUDE_IN_FRAMEWORK_HEADER = YES;
				CLANG_WARN_RANGE_LOOP_ANALYSIS = YES;
				CLANG_WARN_STRICT_PROTOTYPES = YES;
				CLANG_WARN_SUSPICIOUS_MOVE = YES;
				CLANG_WARN_UNGUARDED_AVAILABILITY = YES_AGGRESSIVE;
				CLANG_WARN_UNREACHABLE_CODE = YES;
				CLANG_WARN__DUPLICATE_METHOD_MATCH = YES;
				COPY_PHASE_STRIP = NO;
				DEBUG_INFORMATION_FORMAT = dwarf;
				ENABLE_STRICT_OBJC_MSGSEND = YES;
				ENABLE_TESTABILITY = YES;
				GCC_C_LANGUAGE_STANDARD = gnu11;
				GCC_DYNAMIC_NO_PIC = NO;
				GCC_NO_COMMON_BLOCKS = YES;
				GCC_OPTIMIZATION_LEVEL = 0;
				GCC_PREPROCESSOR_DEFINITIONS = (
					"DEBUG=1",
					"$(inherited)",
				);
				GCC_WARN_64_TO_32_BIT_CONVERSION = YES;
				GCC_WARN_ABOUT_RETURN_TYPE = YES_ERROR;
				GCC_WARN_UNDECLARED_SELECTOR = YES;
				GCC_WARN_UNINITIALIZED_AUTOS = YES_AGGRESSIVE;
				GCC_WARN_UNUSED_FUNCTION = YES;
				GCC_WARN_UNUSED_VARIABLE = YES;
				IPHONEOS_DEPLOYMENT_TARGET = 14.5;
				MTL_ENABLE_DEBUG_INFO = INCLUDE_SOURCE;
				MTL_FAST_MATH = YES;
				ONLY_ACTIVE_ARCH = YES;
				SDKROOT = iphoneos;
				SWIFT_ACTIVE_COMPILATION_CONDITIONS = DEBUG;
				SWIFT_OPTIMIZATION_LEVEL = "-Onone";
			};
			name = Debug;
		};
		EE59E1F226F1DE12006DA63D /* Release */ = {
			isa = XCBuildConfiguration;
			buildSettings = {
				ALWAYS_SEARCH_USER_PATHS = NO;
				CLANG_ANALYZER_NONNULL = YES;
				CLANG_ANALYZER_NUMBER_OBJECT_CONVERSION = YES_AGGRESSIVE;
				CLANG_CXX_LANGUAGE_STANDARD = "gnu++14";
				CLANG_CXX_LIBRARY = "libc++";
				CLANG_ENABLE_MODULES = YES;
				CLANG_ENABLE_OBJC_ARC = YES;
				CLANG_ENABLE_OBJC_WEAK = YES;
				CLANG_WARN_BLOCK_CAPTURE_AUTORELEASING = YES;
				CLANG_WARN_BOOL_CONVERSION = YES;
				CLANG_WARN_COMMA = YES;
				CLANG_WARN_CONSTANT_CONVERSION = YES;
				CLANG_WARN_DEPRECATED_OBJC_IMPLEMENTATIONS = YES;
				CLANG_WARN_DIRECT_OBJC_ISA_USAGE = YES_ERROR;
				CLANG_WARN_DOCUMENTATION_COMMENTS = YES;
				CLANG_WARN_EMPTY_BODY = YES;
				CLANG_WARN_ENUM_CONVERSION = YES;
				CLANG_WARN_INFINITE_RECURSION = YES;
				CLANG_WARN_INT_CONVERSION = YES;
				CLANG_WARN_NON_LITERAL_NULL_CONVERSION = YES;
				CLANG_WARN_OBJC_IMPLICIT_RETAIN_SELF = YES;
				CLANG_WARN_OBJC_LITERAL_CONVERSION = YES;
				CLANG_WARN_OBJC_ROOT_CLASS = YES_ERROR;
				CLANG_WARN_QUOTED_INCLUDE_IN_FRAMEWORK_HEADER = YES;
				CLANG_WARN_RANGE_LOOP_ANALYSIS = YES;
				CLANG_WARN_STRICT_PROTOTYPES = YES;
				CLANG_WARN_SUSPICIOUS_MOVE = YES;
				CLANG_WARN_UNGUARDED_AVAILABILITY = YES_AGGRESSIVE;
				CLANG_WARN_UNREACHABLE_CODE = YES;
				CLANG_WARN__DUPLICATE_METHOD_MATCH = YES;
				COPY_PHASE_STRIP = NO;
				DEBUG_INFORMATION_FORMAT = "dwarf-with-dsym";
				ENABLE_NS_ASSERTIONS = NO;
				ENABLE_STRICT_OBJC_MSGSEND = YES;
				GCC_C_LANGUAGE_STANDARD = gnu11;
				GCC_NO_COMMON_BLOCKS = YES;
				GCC_WARN_64_TO_32_BIT_CONVERSION = YES;
				GCC_WARN_ABOUT_RETURN_TYPE = YES_ERROR;
				GCC_WARN_UNDECLARED_SELECTOR = YES;
				GCC_WARN_UNINITIALIZED_AUTOS = YES_AGGRESSIVE;
				GCC_WARN_UNUSED_FUNCTION = YES;
				GCC_WARN_UNUSED_VARIABLE = YES;
				IPHONEOS_DEPLOYMENT_TARGET = 14.5;
				MTL_ENABLE_DEBUG_INFO = NO;
				MTL_FAST_MATH = YES;
				SDKROOT = iphoneos;
				SWIFT_COMPILATION_MODE = wholemodule;
				SWIFT_OPTIMIZATION_LEVEL = "-O";
				VALIDATE_PRODUCT = YES;
			};
			name = Release;
		};
		EE59E1F426F1DE12006DA63D /* Debug */ = {
			isa = XCBuildConfiguration;
			buildSettings = {
				ASSETCATALOG_COMPILER_APPICON_NAME = AppIcon;
				ASSETCATALOG_COMPILER_GLOBAL_ACCENT_COLOR_NAME = AccentColor;
				CODE_SIGN_STYLE = Automatic;
				DEVELOPMENT_ASSET_PATHS = "\"udemy-clone-twitter/Preview Content\"";
				DEVELOPMENT_TEAM = R5955V6BN9;
				ENABLE_PREVIEWS = YES;
				INFOPLIST_FILE = "udemy-clone-twitter/Info.plist";
				IPHONEOS_DEPLOYMENT_TARGET = 14.0;
				LD_RUNPATH_SEARCH_PATHS = (
					"$(inherited)",
					"@executable_path/Frameworks",
				);
				PRODUCT_BUNDLE_IDENTIFIER = "com.campuscoach.udemy-clone-twitter";
				PRODUCT_NAME = "$(TARGET_NAME)";
				SWIFT_VERSION = 5.0;
				TARGETED_DEVICE_FAMILY = "1,2";
			};
			name = Debug;
		};
		EE59E1F526F1DE12006DA63D /* Release */ = {
			isa = XCBuildConfiguration;
			buildSettings = {
				ASSETCATALOG_COMPILER_APPICON_NAME = AppIcon;
				ASSETCATALOG_COMPILER_GLOBAL_ACCENT_COLOR_NAME = AccentColor;
				CODE_SIGN_STYLE = Automatic;
				DEVELOPMENT_ASSET_PATHS = "\"udemy-clone-twitter/Preview Content\"";
				DEVELOPMENT_TEAM = R5955V6BN9;
				ENABLE_PREVIEWS = YES;
				INFOPLIST_FILE = "udemy-clone-twitter/Info.plist";
				IPHONEOS_DEPLOYMENT_TARGET = 14.0;
				LD_RUNPATH_SEARCH_PATHS = (
					"$(inherited)",
					"@executable_path/Frameworks",
				);
				PRODUCT_BUNDLE_IDENTIFIER = "com.campuscoach.udemy-clone-twitter";
				PRODUCT_NAME = "$(TARGET_NAME)";
				SWIFT_VERSION = 5.0;
				TARGETED_DEVICE_FAMILY = "1,2";
			};
			name = Release;
		};
/* End XCBuildConfiguration section */

/* Begin XCConfigurationList section */
		EE59E1DF26F1DE10006DA63D /* Build configuration list for PBXProject "udemy-clone-twitter" */ = {
			isa = XCConfigurationList;
			buildConfigurations = (
				EE59E1F126F1DE12006DA63D /* Debug */,
				EE59E1F226F1DE12006DA63D /* Release */,
			);
			defaultConfigurationIsVisible = 0;
			defaultConfigurationName = Release;
		};
		EE59E1F326F1DE12006DA63D /* Build configuration list for PBXNativeTarget "udemy-clone-twitter" */ = {
			isa = XCConfigurationList;
			buildConfigurations = (
				EE59E1F426F1DE12006DA63D /* Debug */,
				EE59E1F526F1DE12006DA63D /* Release */,
			);
			defaultConfigurationIsVisible = 0;
			defaultConfigurationName = Release;
		};
/* End XCConfigurationList section */
	};
	rootObject = EE59E1DC26F1DE10006DA63D /* Project object */;
}
